
Microsoft Visual Studio Solution File, Format Version 12.00
# Visual Studio Version 17
VisualStudioVersion = 17.5.33516.290
MinimumVisualStudioVersion = 10.0.40219.1
Project("{2150E333-8FDC-42A3-9474-1A3956D46DE8}") = "1-Core", "1-Core", "{9E99D341-7086-4D96-A995-ED62E510D120}"
EndProject
Project("{2150E333-8FDC-42A3-9474-1A3956D46DE8}") = "2-Infastructure", "2-Infastructure", "{8B4D2ABC-2F7E-4A25-A08D-1E711AA5C7C9}"
EndProject
Project("{2150E333-8FDC-42A3-9474-1A3956D46DE8}") = "3-Api", "3-Api", "{A5797FC9-DBE9-4227-AF97-93E384D9AC10}"
EndProject
Project("{FAE04EC0-301F-11D3-BF4B-00C04F79EFBC}") = "Ahlatci.Shop.Domain", "Ahlatci.Shop.Domain\Ahlatci.Shop.Domain.csproj", "{57C7484E-3CAD-4A21-9481-AAE96D74C678}"
EndProject
Project("{FAE04EC0-301F-11D3-BF4B-00C04F79EFBC}") = "Ahlatci.Shop.Application", "Ahlatci.Shop.Application\Ahlatci.Shop.Application.csproj", "{05F98CF0-E909-4051-8DB8-5265E238AE49}"
EndProject
Project("{FAE04EC0-301F-11D3-BF4B-00C04F79EFBC}") = "Ahlatci.Shop.Infastructure", "Ahlatci.Shop.Infastructure\Ahlatci.Shop.Infastructure.csproj", "{E1E5FBBA-0CFF-40A4-9168-DD57BFD10A05}"
EndProject
Project("{FAE04EC0-301F-11D3-BF4B-00C04F79EFBC}") = "Ahlatci.Shop.Persistence", "Ahlatci.Shop.Persistence\Ahlatci.Shop.Persistence.csproj", "{52B6F583-F9A7-4C3E-B60E-1246EB1F981A}"
EndProject
Project("{FAE04EC0-301F-11D3-BF4B-00C04F79EFBC}") = "Ahlatci.Shop.Api", "Ahlatci.Shop.Api\Ahlatci.Shop.Api.csproj", "{BFB77ECD-9562-407F-B203-FE3AB3BCD9FA}"
EndProject
Global
	GlobalSection(SolutionConfigurationPlatforms) = preSolution
		Debug|Any CPU = Debug|Any CPU
		Release|Any CPU = Release|Any CPU
	EndGlobalSection
	GlobalSection(ProjectConfigurationPlatforms) = postSolution
		{57C7484E-3CAD-4A21-9481-AAE96D74C678}.Debug|Any CPU.ActiveCfg = Debug|Any CPU
		{57C7484E-3CAD-4A21-9481-AAE96D74C678}.Debug|Any CPU.Build.0 = Debug|Any CPU
		{57C7484E-3CAD-4A21-9481-AAE96D74C678}.Release|Any CPU.ActiveCfg = Release|Any CPU
		{57C7484E-3CAD-4A21-9481-AAE96D74C678}.Release|Any CPU.Build.0 = Release|Any CPU
		{05F98CF0-E909-4051-8DB8-5265E238AE49}.Debug|Any CPU.ActiveCfg = Debug|Any CPU
		{05F98CF0-E909-4051-8DB8-5265E238AE49}.Debug|Any CPU.Build.0 = Debug|Any CPU
		{05F98CF0-E909-4051-8DB8-5265E238AE49}.Release|Any CPU.ActiveCfg = Release|Any CPU
		{05F98CF0-E909-4051-8DB8-5265E238AE49}.Release|Any CPU.Build.0 = Release|Any CPU
		{E1E5FBBA-0CFF-40A4-9168-DD57BFD10A05}.Debug|Any CPU.ActiveCfg = Debug|Any CPU
		{E1E5FBBA-0CFF-40A4-9168-DD57BFD10A05}.Debug|Any CPU.Build.0 = Debug|Any CPU
		{E1E5FBBA-0CFF-40A4-9168-DD57BFD10A05}.Release|Any CPU.ActiveCfg = Release|Any CPU
		{E1E5FBBA-0CFF-40A4-9168-DD57BFD10A05}.Release|Any CPU.Build.0 = Release|Any CPU
		{52B6F583-F9A7-4C3E-B60E-1246EB1F981A}.Debug|Any CPU.ActiveCfg = Debug|Any CPU
		{52B6F583-F9A7-4C3E-B60E-1246EB1F981A}.Debug|Any CPU.Build.0 = Debug|Any CPU
		{52B6F583-F9A7-4C3E-B60E-1246EB1F981A}.Release|Any CPU.ActiveCfg = Release|Any CPU
		{52B6F583-F9A7-4C3E-B60E-1246EB1F981A}.Release|Any CPU.Build.0 = Release|Any CPU
		{BFB77ECD-9562-407F-B203-FE3AB3BCD9FA}.Debug|Any CPU.ActiveCfg = Debug|Any CPU
		{BFB77ECD-9562-407F-B203-FE3AB3BCD9FA}.Debug|Any CPU.Build.0 = Debug|Any CPU
		{BFB77ECD-9562-407F-B203-FE3AB3BCD9FA}.Release|Any CPU.ActiveCfg = Release|Any CPU
		{BFB77ECD-9562-407F-B203-FE3AB3BCD9FA}.Release|Any CPU.Build.0 = Release|Any CPU
	EndGlobalSection
	GlobalSection(SolutionProperties) = preSolution
		HideSolutionNode = FALSE
	EndGlobalSection
	GlobalSection(NestedProjects) = preSolution
		{57C7484E-3CAD-4A21-9481-AAE96D74C678} = {9E99D341-7086-4D96-A995-ED62E510D120}
		{05F98CF0-E909-4051-8DB8-5265E238AE49} = {9E99D341-7086-4D96-A995-ED62E510D120}
		{E1E5FBBA-0CFF-40A4-9168-DD57BFD10A05} = {8B4D2ABC-2F7E-4A25-A08D-1E711AA5C7C9}
		{52B6F583-F9A7-4C3E-B60E-1246EB1F981A} = {8B4D2ABC-2F7E-4A25-A08D-1E711AA5C7C9}
		{BFB77ECD-9562-407F-B203-FE3AB3BCD9FA} = {A5797FC9-DBE9-4227-AF97-93E384D9AC10}
	EndGlobalSection
	GlobalSection(ExtensibilityGlobals) = postSolution
		SolutionGuid = {61AF1718-D161-46E6-B8DA-3B41688163E6}
	EndGlobalSection
EndGlobal
